{
  "name": "e2e-client",
  "version": "1.0.0",
  "lockfileVersion": 1,
  "requires": true,
  "dependencies": {
    "@types/google-protobuf": {
      "version": "3.7.2",
      "resolved": "https://registry.npmjs.org/@types/google-protobuf/-/google-protobuf-3.7.2.tgz",
      "integrity": "sha512-ifFemzjNchFBCtHS6bZNhSZCBu7tbtOe0e8qY0z2J4HtFXmPJjm6fXSaQsTG7yhShBEZtt2oP/bkwu5k+emlkQ=="
    },
    "google-protobuf": {
      "version": "3.11.2",
      "resolved": "https://registry.npmjs.org/google-protobuf/-/google-protobuf-3.11.2.tgz",
      "integrity": "sha512-T4fin7lcYLUPj2ChUZ4DvfuuHtg3xi1621qeRZt2J7SvOQusOzq+sDT4vbotWTCjUXJoR36CA016LlhtPy80uQ=="
    },
    "grpc-web": {
      "version": "1.0.7",
      "resolved": "https://registry.npmjs.org/grpc-web/-/grpc-web-1.0.7.tgz",
      "integrity": "sha512-Fkbz1nyvvt6GC6ODcxh9Fen6LLB3OTCgGHzHwM2Eni44SUhzqPz1UQgFp9sfBEfInOhx3yBdwo9ZLjZAmJ+TtA=="
    },
    "typescript": {
      "version": "3.7.4",
      "resolved": "https://registry.npmjs.org/typescript/-/typescript-3.7.4.tgz",
      "integrity": "sha512-A25xv5XCtarLwXpcDNZzCGvW2D1S3/bACratYBx2sax8PefsFhlYmkQicKHvpYflFS8if4zne5zT5kpJ7pzuvw=="
    }
  }
}
